Microsoft Visual Studio Solution File, Format Version 12.00
# Visual Studio Version 17
VisualStudioVersion = 17.5.2.0
MinimumVisualStudioVersion = 10.0.40219.1
Project("{FAE04EC0-301F-11D3-BF4B-00C04F79EFBC}") = "IoTHomeApp_New", "IoTHomeApp_New.csproj", "{5FAEA4A3-AF83-D488-A6C7-4872A62A4D57}"
EndProject
Global
	GlobalSection(SolutionConfigurationPlatforms) = preSolution
		Debug|Any CPU = Debug|Any CPU
		Release|Any CPU = Release|Any CPU
	EndGlobalSection
	GlobalSection(ProjectConfigurationPlatforms) = postSolution
		{5FAEA4A3-AF83-D488-A6C7-4872A62A4D57}.Debug|Any CPU.ActiveCfg = Debug|Any CPU
		{5FAEA4A3-AF83-D488-A6C7-4872A62A4D57}.Debug|Any CPU.Build.0 = Debug|Any CPU
		{5FAEA4A3-AF83-D488-A6C7-4872A62A4D57}.Release|Any CPU.ActiveCfg = Release|Any CPU
		{5FAEA4A3-AF83-D488-A6C7-4872A62A4D57}.Release|Any CPU.Build.0 = Release|Any CPU
	EndGlobalSection
	GlobalSection(SolutionProperties) = preSolution
		HideSolutionNode = FALSE
	EndGlobalSection
	GlobalSection(ExtensibilityGlobals) = postSolution
		SolutionGuid = {39E34AA0-E5AC-416B-BDA8-F0EB5B0B4744}
	EndGlobalSection
EndGlobal
